
Microsoft Visual Studio Solution File, Format Version 12.00
# Visual Studio Version 17
VisualStudioVersion = 17.3.32825.248
MinimumVisualStudioVersion = 10.0.40219.1
Project("{2150E333-8FDC-42A3-9474-1A3956D46DE8}") = "A Single Resonsibility Principle", "A Single Resonsibility Principle", "{B396B2DC-86E3-4288-AD69-3D7767C05E36}"
EndProject
Project("{2150E333-8FDC-42A3-9474-1A3956D46DE8}") = "3 State", "3 State", "{059FAF95-6599-4331-8D2E-CB7BC82C4AC8}"
EndProject
Project("{FAE04EC0-301F-11D3-BF4B-00C04F79EFBC}") = "Telefon.Original", "03_Telefon\A_Original\Telefon.Original.csproj", "{311515D7-738A-4A8B-8EDF-A20918101FD1}"
EndProject
Project("{FAE04EC0-301F-11D3-BF4B-00C04F79EFBC}") = "Telefon.Original.Tests", "03_Telefon\A_Original.Tests\Telefon.Original.Tests.csproj", "{2E0C825B-6582-4524-A0C8-A65B31826F4C}"
EndProject
Project("{FAE04EC0-301F-11D3-BF4B-00C04F79EFBC}") = "Telefon.Exercise", "03_Telefon\B_Exercise\Telefon.Exercise.csproj", "{8E3FEEEC-60B7-4CE3-9325-0FA90DABE519}"
EndProject
Project("{FAE04EC0-301F-11D3-BF4B-00C04F79EFBC}") = "Telefon.Exercise.Tests", "03_Telefon\B_Exercise.Tests\Telefon.Exercise.Tests.csproj", "{CEF4B981-AA1B-4538-935D-F5B6AA91DD11}"
EndProject
Project("{FAE04EC0-301F-11D3-BF4B-00C04F79EFBC}") = "Telefon.Refactored", "03_Telefon\C_Refactored\Telefon.Refactored.csproj", "{8E873551-1912-443F-89CD-05304156DBA1}"
EndProject
Project("{FAE04EC0-301F-11D3-BF4B-00C04F79EFBC}") = "Telefon.Refactored.Tests", "03_Telefon\C_Refactored.Tests\Telefon.Refactored.Tests.csproj", "{C9CEBEC9-0F82-49DF-901A-F4997BBC9931}"
EndProject
Project("{2150E333-8FDC-42A3-9474-1A3956D46DE8}") = "1 Original", "1 Original", "{6D0200E9-709E-4E6D-840C-52FD950AA0EF}"
EndProject
Project("{2150E333-8FDC-42A3-9474-1A3956D46DE8}") = "2 Testable", "2 Testable", "{136E6709-6ACB-4D9A-B09C-EBDCEAF6D52A}"
EndProject
Project("{2150E333-8FDC-42A3-9474-1A3956D46DE8}") = "3 Final", "3 Final", "{CD00244C-5545-4286-8538-7E64632CDC9B}"
EndProject
Project("{2150E333-8FDC-42A3-9474-1A3956D46DE8}") = "A Original", "A Original", "{2750BC9B-1A89-4F23-83D2-DDA7F3E3CC1B}"
EndProject
Project("{2150E333-8FDC-42A3-9474-1A3956D46DE8}") = "B Exercise", "B Exercise", "{8E26F238-DEC6-48E9-B7E4-BF39156973CD}"
EndProject
Project("{2150E333-8FDC-42A3-9474-1A3956D46DE8}") = "C Refactored", "C Refactored", "{FC14090B-F112-4582-8180-CB58EC9F4561}"
EndProject
Project("{FAE04EC0-301F-11D3-BF4B-00C04F79EFBC}") = "TicTacToe.Original", "02_TicTacToe\A_Original\TicTacToe.Original.csproj", "{26541E1B-B751-407F-A87C-A298FA4F97A6}"
EndProject
Project("{2150E333-8FDC-42A3-9474-1A3956D46DE8}") = "B Open Closed Priciple", "B Open Closed Priciple", "{D0C2F955-6319-4C0E-89C1-F99237344A7A}"
EndProject
Project("{2150E333-8FDC-42A3-9474-1A3956D46DE8}") = "1 Original", "1 Original", "{502E8946-9512-42CD-A404-70B441890EFD}"
EndProject
Project("{2150E333-8FDC-42A3-9474-1A3956D46DE8}") = "2 Final", "2 Final", "{977800E4-29B5-4A6E-85A8-F3DED593AEFF}"
EndProject
Project("{2150E333-8FDC-42A3-9474-1A3956D46DE8}") = "99 Sonstiges", "99 Sonstiges", "{0EF55607-5B22-47F3-AE21-37BEC2400408}"
EndProject
Project("{2150E333-8FDC-42A3-9474-1A3956D46DE8}") = "4 Adapter", "4 Adapter", "{E7962031-85A0-481A-BB2A-F47FA2C98369}"
EndProject
Project("{2150E333-8FDC-42A3-9474-1A3956D46DE8}") = "A Original", "A Original", "{9610A72D-5B71-4279-8925-C852EBAA3200}"
EndProject
Project("{2150E333-8FDC-42A3-9474-1A3956D46DE8}") = "C Refactored", "C Refactored", "{1157BEE0-2377-4117-AC4C-33E4076A65F0}"
EndProject
Project("{2150E333-8FDC-42A3-9474-1A3956D46DE8}") = "B Excercise", "B Excercise", "{1E6E5C82-15A7-4D20-AEE9-D73446C25AC8}"
EndProject
Project("{2150E333-8FDC-42A3-9474-1A3956D46DE8}") = "6 GildedRose", "6 GildedRose", "{EA6E2E2E-AE19-4BEA-82E7-690FC2B74085}"
EndProject
Project("{9A19103F-16F7-4668-BE54-9A1E7A4F7556}") = "GildedRoseKata.Original", "06_GildedRose\A_Original\GildedRoseKata.Original.csproj", "{35EAE196-63B8-41A8-8219-AEDC1E488369}"
EndProject
Project("{9A19103F-16F7-4668-BE54-9A1E7A4F7556}") = "GildedRoseKata.Original.Tests", "06_GildedRose\A_Original.Tests\GildedRoseKata.Original.Tests.csproj", "{E3555634-3C17-43DB-9ECA-427C628EBAE8}"
EndProject
Project("{9A19103F-16F7-4668-BE54-9A1E7A4F7556}") = "GildedRoseKata.Refactored", "06_GildedRose\C_Refactored\GildedRoseKata.Refactored.csproj", "{286554FE-2CFD-4648-AAC3-A3FD551C6957}"
EndProject
Project("{9A19103F-16F7-4668-BE54-9A1E7A4F7556}") = "GildedRoseKata.Refactored.Tests", "06_GildedRose\C_Refactored.Tests\GildedRoseKata.Refactored.Tests.csproj", "{28312F47-283A-4F9C-A20F-BF6CDC3B1F0D}"
EndProject
Project("{9A19103F-16F7-4668-BE54-9A1E7A4F7556}") = "GildedRoseKata.Refactored2", "06_GildedRose\C_Refactored2\GildedRoseKata.Refactored2.csproj", "{25F9F8C9-720C-4F8A-B087-729F4AE44515}"
EndProject
Project("{9A19103F-16F7-4668-BE54-9A1E7A4F7556}") = "GildedRoseKata.Refactored2.Tests", "06_GildedRose\C_Refactored2.Tests\GildedRoseKata.Refactored2.Tests.csproj", "{0F3EBBE8-72C7-4B86-8CD7-19F34EEF0655}"
EndProject
Project("{FAE04EC0-301F-11D3-BF4B-00C04F79EFBC}") = "Kniffel.Original", "07_Kniffel\Kniffel.Original\Kniffel.Original.csproj", "{578D5B76-73C2-472B-B949-38F73B398CA1}"
EndProject
Project("{2150E333-8FDC-42A3-9474-1A3956D46DE8}") = "7 Kniffel", "7 Kniffel", "{7A16C827-565D-46AD-92A7-BB25A37189AF}"
EndProject
Project("{FAE04EC0-301F-11D3-BF4B-00C04F79EFBC}") = "Kniffel.Original.Tests", "07_Kniffel\Kniffel.Original.Tests\Kniffel.Original.Tests.csproj", "{920B4F4D-DE7B-4459-A9FE-E7694A419D41}"
EndProject
Project("{9A19103F-16F7-4668-BE54-9A1E7A4F7556}") = "Adapter.Original", "04_Adapter\Adapter.Original\Adapter.Original.csproj", "{F726FFD4-3D69-4A58-8061-7A147F89E050}"
EndProject
Project("{9A19103F-16F7-4668-BE54-9A1E7A4F7556}") = "Adapter.Refactored", "04_Adapter\Adapter.Refactored\Adapter.Refactored.csproj", "{F2448819-6B40-4031-8F54-E9B62BD10EDA}"
EndProject
Project("{9A19103F-16F7-4668-BE54-9A1E7A4F7556}") = "Kniffel.Refactored", "07_Kniffel\Kniffel.Refactored\Kniffel.Refactored.csproj", "{ED203539-0E7D-4FC1-8592-8C413D25A2ED}"
EndProject
Project("{FAE04EC0-301F-11D3-BF4B-00C04F79EFBC}") = "TicTacToe.Testable", "02_TicTacToe\B_Testable\TicTacToe.Testable.csproj", "{EA3CC322-0673-43DD-8297-B58829C98DC2}"
EndProject
Project("{FAE04EC0-301F-11D3-BF4B-00C04F79EFBC}") = "TicTacToe.Testable.Tests", "02_TicTacToe\B_Testable.Tests\TicTacToe.Testable.Tests.csproj", "{EF6C547C-636D-479C-B871-8D6CF46D3F2C}"
EndProject
Project("{FAE04EC0-301F-11D3-BF4B-00C04F79EFBC}") = "TicTacToe.Final", "02_TicTacToe\D_Final\TicTacToe.Final.csproj", "{067EDA01-194A-4DD9-A61A-A88423A4E0DE}"
EndProject
Project("{FAE04EC0-301F-11D3-BF4B-00C04F79EFBC}") = "TicTacToe.Final.Tests", "02_TicTacToe\D_Final.Tests\TicTacToe.Final.Tests.csproj", "{A884F31B-D4E8-432D-81F9-36D278CF89E7}"
EndProject
Project("{2150E333-8FDC-42A3-9474-1A3956D46DE8}") = "C Liskov Substitution Principle", "C Liskov Substitution Principle", "{02EA681E-C7D8-13C7-8484-4AC65E1B71E8}"
EndProject
Project("{FAE04EC0-301F-11D3-BF4B-00C04F79EFBC}") = "OpenClosed.Original", "OpenClosed.Original\OpenClosed.Original.csproj", "{557CEE53-41C2-1F80-5137-C1FCE0660E58}"
EndProject
Project("{FAE04EC0-301F-11D3-BF4B-00C04F79EFBC}") = "OpenClosed.Original.Tests", "OpenClosed.Original.Tests\OpenClosed.Original.Tests.csproj", "{1468324B-FE07-45C7-9FF0-A437C3B3D3EB}"
EndProject
Project("{FAE04EC0-301F-11D3-BF4B-00C04F79EFBC}") = "OpenClosed.Final", "OpenClosed.Final\OpenClosed.Final.csproj", "{3A4CCD50-9DB7-0CBB-E35A-E707152346FA}"
EndProject
Project("{2150E333-8FDC-42A3-9474-1A3956D46DE8}") = "1 SOLID Kriterien", "1 SOLID Kriterien", "{2C482649-5D0D-41B4-9A07-93E57C7C01D5}"
EndProject
Project("{FAE04EC0-301F-11D3-BF4B-00C04F79EFBC}") = "Liskov", "Liskov\Liskov.csproj", "{DF27CEA0-B558-BF4B-A59B-E81B49BFDEDB}"
EndProject
Project("{FAE04EC0-301F-11D3-BF4B-00C04F79EFBC}") = "Liskov.Tests", "Liskov.Tests\Liskov.Tests.csproj", "{36F45F02-1917-557F-8D6B-121D37EEC4BA}"
EndProject
Project("{FAE04EC0-301F-11D3-BF4B-00C04F79EFBC}") = "InterfaceSegragation", "InterfaceSegragation\InterfaceSegragation.csproj", "{014E99D1-BDDB-4D3D-9CD9-6A7C23BAEE06}"
EndProject
Global
	GlobalSection(SolutionConfigurationPlatforms) = preSolution
		Debug|Any CPU = Debug|Any CPU
		Release|Any CPU = Release|Any CPU
	EndGlobalSection
	GlobalSection(ProjectConfigurationPlatforms) = postSolution
		{311515D7-738A-4A8B-8EDF-A20918101FD1}.Debug|Any CPU.ActiveCfg = Debug|Any CPU
		{311515D7-738A-4A8B-8EDF-A20918101FD1}.Debug|Any CPU.Build.0 = Debug|Any CPU
		{311515D7-738A-4A8B-8EDF-A20918101FD1}.Release|Any CPU.ActiveCfg = Release|Any CPU
		{311515D7-738A-4A8B-8EDF-A20918101FD1}.Release|Any CPU.Build.0 = Release|Any CPU
		{2E0C825B-6582-4524-A0C8-A65B31826F4C}.Debug|Any CPU.ActiveCfg = Debug|Any CPU
		{2E0C825B-6582-4524-A0C8-A65B31826F4C}.Debug|Any CPU.Build.0 = Debug|Any CPU
		{2E0C825B-6582-4524-A0C8-A65B31826F4C}.Release|Any CPU.ActiveCfg = Release|Any CPU
		{2E0C825B-6582-4524-A0C8-A65B31826F4C}.Release|Any CPU.Build.0 = Release|Any CPU
		{8E3FEEEC-60B7-4CE3-9325-0FA90DABE519}.Debug|Any CPU.ActiveCfg = Debug|Any CPU
		{8E3FEEEC-60B7-4CE3-9325-0FA90DABE519}.Debug|Any CPU.Build.0 = Debug|Any CPU
		{8E3FEEEC-60B7-4CE3-9325-0FA90DABE519}.Release|Any CPU.ActiveCfg = Release|Any CPU
		{8E3FEEEC-60B7-4CE3-9325-0FA90DABE519}.Release|Any CPU.Build.0 = Release|Any CPU
		{CEF4B981-AA1B-4538-935D-F5B6AA91DD11}.Debug|Any CPU.ActiveCfg = Debug|Any CPU
		{CEF4B981-AA1B-4538-935D-F5B6AA91DD11}.Debug|Any CPU.Build.0 = Debug|Any CPU
		{CEF4B981-AA1B-4538-935D-F5B6AA91DD11}.Release|Any CPU.ActiveCfg = Release|Any CPU
		{CEF4B981-AA1B-4538-935D-F5B6AA91DD11}.Release|Any CPU.Build.0 = Release|Any CPU
		{8E873551-1912-443F-89CD-05304156DBA1}.Debug|Any CPU.ActiveCfg = Debug|Any CPU
		{8E873551-1912-443F-89CD-05304156DBA1}.Debug|Any CPU.Build.0 = Debug|Any CPU
		{8E873551-1912-443F-89CD-05304156DBA1}.Release|Any CPU.ActiveCfg = Release|Any CPU
		{8E873551-1912-443F-89CD-05304156DBA1}.Release|Any CPU.Build.0 = Release|Any CPU
		{C9CEBEC9-0F82-49DF-901A-F4997BBC9931}.Debug|Any CPU.ActiveCfg = Debug|Any CPU
		{C9CEBEC9-0F82-49DF-901A-F4997BBC9931}.Debug|Any CPU.Build.0 = Debug|Any CPU
		{C9CEBEC9-0F82-49DF-901A-F4997BBC9931}.Release|Any CPU.ActiveCfg = Release|Any CPU
		{C9CEBEC9-0F82-49DF-901A-F4997BBC9931}.Release|Any CPU.Build.0 = Release|Any CPU
		{26541E1B-B751-407F-A87C-A298FA4F97A6}.Debug|Any CPU.ActiveCfg = Debug|Any CPU
		{26541E1B-B751-407F-A87C-A298FA4F97A6}.Debug|Any CPU.Build.0 = Debug|Any CPU
		{26541E1B-B751-407F-A87C-A298FA4F97A6}.Release|Any CPU.ActiveCfg = Release|Any CPU
		{26541E1B-B751-407F-A87C-A298FA4F97A6}.Release|Any CPU.Build.0 = Release|Any CPU
		{35EAE196-63B8-41A8-8219-AEDC1E488369}.Debug|Any CPU.ActiveCfg = Debug|Any CPU
		{35EAE196-63B8-41A8-8219-AEDC1E488369}.Debug|Any CPU.Build.0 = Debug|Any CPU
		{35EAE196-63B8-41A8-8219-AEDC1E488369}.Release|Any CPU.ActiveCfg = Release|Any CPU
		{35EAE196-63B8-41A8-8219-AEDC1E488369}.Release|Any CPU.Build.0 = Release|Any CPU
		{E3555634-3C17-43DB-9ECA-427C628EBAE8}.Debug|Any CPU.ActiveCfg = Debug|Any CPU
		{E3555634-3C17-43DB-9ECA-427C628EBAE8}.Debug|Any CPU.Build.0 = Debug|Any CPU
		{E3555634-3C17-43DB-9ECA-427C628EBAE8}.Release|Any CPU.ActiveCfg = Release|Any CPU
		{E3555634-3C17-43DB-9ECA-427C628EBAE8}.Release|Any CPU.Build.0 = Release|Any CPU
		{286554FE-2CFD-4648-AAC3-A3FD551C6957}.Debug|Any CPU.ActiveCfg = Debug|Any CPU
		{286554FE-2CFD-4648-AAC3-A3FD551C6957}.Debug|Any CPU.Build.0 = Debug|Any CPU
		{286554FE-2CFD-4648-AAC3-A3FD551C6957}.Release|Any CPU.ActiveCfg = Release|Any CPU
		{286554FE-2CFD-4648-AAC3-A3FD551C6957}.Release|Any CPU.Build.0 = Release|Any CPU
		{28312F47-283A-4F9C-A20F-BF6CDC3B1F0D}.Debug|Any CPU.ActiveCfg = Debug|Any CPU
		{28312F47-283A-4F9C-A20F-BF6CDC3B1F0D}.Debug|Any CPU.Build.0 = Debug|Any CPU
		{28312F47-283A-4F9C-A20F-BF6CDC3B1F0D}.Release|Any CPU.ActiveCfg = Release|Any CPU
		{28312F47-283A-4F9C-A20F-BF6CDC3B1F0D}.Release|Any CPU.Build.0 = Release|Any CPU
		{25F9F8C9-720C-4F8A-B087-729F4AE44515}.Debug|Any CPU.ActiveCfg = Debug|Any CPU
		{25F9F8C9-720C-4F8A-B087-729F4AE44515}.Debug|Any CPU.Build.0 = Debug|Any CPU
		{25F9F8C9-720C-4F8A-B087-729F4AE44515}.Release|Any CPU.ActiveCfg = Release|Any CPU
		{25F9F8C9-720C-4F8A-B087-729F4AE44515}.Release|Any CPU.Build.0 = Release|Any CPU
		{0F3EBBE8-72C7-4B86-8CD7-19F34EEF0655}.Debug|Any CPU.ActiveCfg = Debug|Any CPU
		{0F3EBBE8-72C7-4B86-8CD7-19F34EEF0655}.Debug|Any CPU.Build.0 = Debug|Any CPU
		{0F3EBBE8-72C7-4B86-8CD7-19F34EEF0655}.Release|Any CPU.ActiveCfg = Release|Any CPU
		{0F3EBBE8-72C7-4B86-8CD7-19F34EEF0655}.Release|Any CPU.Build.0 = Release|Any CPU
		{578D5B76-73C2-472B-B949-38F73B398CA1}.Debug|Any CPU.ActiveCfg = Debug|Any CPU
		{578D5B76-73C2-472B-B949-38F73B398CA1}.Debug|Any CPU.Build.0 = Debug|Any CPU
		{578D5B76-73C2-472B-B949-38F73B398CA1}.Release|Any CPU.ActiveCfg = Release|Any CPU
		{578D5B76-73C2-472B-B949-38F73B398CA1}.Release|Any CPU.Build.0 = Release|Any CPU
		{920B4F4D-DE7B-4459-A9FE-E7694A419D41}.Debug|Any CPU.ActiveCfg = Debug|Any CPU
		{920B4F4D-DE7B-4459-A9FE-E7694A419D41}.Debug|Any CPU.Build.0 = Debug|Any CPU
		{920B4F4D-DE7B-4459-A9FE-E7694A419D41}.Release|Any CPU.ActiveCfg = Release|Any CPU
		{920B4F4D-DE7B-4459-A9FE-E7694A419D41}.Release|Any CPU.Build.0 = Release|Any CPU
		{F726FFD4-3D69-4A58-8061-7A147F89E050}.Debug|Any CPU.ActiveCfg = Debug|Any CPU
		{F726FFD4-3D69-4A58-8061-7A147F89E050}.Debug|Any CPU.Build.0 = Debug|Any CPU
		{F726FFD4-3D69-4A58-8061-7A147F89E050}.Release|Any CPU.ActiveCfg = Release|Any CPU
		{F726FFD4-3D69-4A58-8061-7A147F89E050}.Release|Any CPU.Build.0 = Release|Any CPU
		{F2448819-6B40-4031-8F54-E9B62BD10EDA}.Debug|Any CPU.ActiveCfg = Debug|Any CPU
		{F2448819-6B40-4031-8F54-E9B62BD10EDA}.Debug|Any CPU.Build.0 = Debug|Any CPU
		{F2448819-6B40-4031-8F54-E9B62BD10EDA}.Release|Any CPU.ActiveCfg = Release|Any CPU
		{F2448819-6B40-4031-8F54-E9B62BD10EDA}.Release|Any CPU.Build.0 = Release|Any CPU
		{ED203539-0E7D-4FC1-8592-8C413D25A2ED}.Debug|Any CPU.ActiveCfg = Debug|Any CPU
		{ED203539-0E7D-4FC1-8592-8C413D25A2ED}.Debug|Any CPU.Build.0 = Debug|Any CPU
		{ED203539-0E7D-4FC1-8592-8C413D25A2ED}.Release|Any CPU.ActiveCfg = Release|Any CPU
		{ED203539-0E7D-4FC1-8592-8C413D25A2ED}.Release|Any CPU.Build.0 = Release|Any CPU
		{EA3CC322-0673-43DD-8297-B58829C98DC2}.Debug|Any CPU.ActiveCfg = Debug|Any CPU
		{EA3CC322-0673-43DD-8297-B58829C98DC2}.Debug|Any CPU.Build.0 = Debug|Any CPU
		{EA3CC322-0673-43DD-8297-B58829C98DC2}.Release|Any CPU.ActiveCfg = Release|Any CPU
		{EA3CC322-0673-43DD-8297-B58829C98DC2}.Release|Any CPU.Build.0 = Release|Any CPU
		{EF6C547C-636D-479C-B871-8D6CF46D3F2C}.Debug|Any CPU.ActiveCfg = Debug|Any CPU
		{EF6C547C-636D-479C-B871-8D6CF46D3F2C}.Debug|Any CPU.Build.0 = Debug|Any CPU
		{EF6C547C-636D-479C-B871-8D6CF46D3F2C}.Release|Any CPU.ActiveCfg = Release|Any CPU
		{EF6C547C-636D-479C-B871-8D6CF46D3F2C}.Release|Any CPU.Build.0 = Release|Any CPU
		{067EDA01-194A-4DD9-A61A-A88423A4E0DE}.Debug|Any CPU.ActiveCfg = Debug|Any CPU
		{067EDA01-194A-4DD9-A61A-A88423A4E0DE}.Debug|Any CPU.Build.0 = Debug|Any CPU
		{067EDA01-194A-4DD9-A61A-A88423A4E0DE}.Release|Any CPU.ActiveCfg = Release|Any CPU
		{067EDA01-194A-4DD9-A61A-A88423A4E0DE}.Release|Any CPU.Build.0 = Release|Any CPU
		{A884F31B-D4E8-432D-81F9-36D278CF89E7}.Debug|Any CPU.ActiveCfg = Debug|Any CPU
		{A884F31B-D4E8-432D-81F9-36D278CF89E7}.Debug|Any CPU.Build.0 = Debug|Any CPU
		{A884F31B-D4E8-432D-81F9-36D278CF89E7}.Release|Any CPU.ActiveCfg = Release|Any CPU
		{A884F31B-D4E8-432D-81F9-36D278CF89E7}.Release|Any CPU.Build.0 = Release|Any CPU
		{557CEE53-41C2-1F80-5137-C1FCE0660E58}.Debug|Any CPU.ActiveCfg = Debug|Any CPU
		{557CEE53-41C2-1F80-5137-C1FCE0660E58}.Debug|Any CPU.Build.0 = Debug|Any CPU
		{557CEE53-41C2-1F80-5137-C1FCE0660E58}.Release|Any CPU.ActiveCfg = Release|Any CPU
		{557CEE53-41C2-1F80-5137-C1FCE0660E58}.Release|Any CPU.Build.0 = Release|Any CPU
		{1468324B-FE07-45C7-9FF0-A437C3B3D3EB}.Debug|Any CPU.ActiveCfg = Debug|Any CPU
		{1468324B-FE07-45C7-9FF0-A437C3B3D3EB}.Debug|Any CPU.Build.0 = Debug|Any CPU
		{1468324B-FE07-45C7-9FF0-A437C3B3D3EB}.Release|Any CPU.ActiveCfg = Release|Any CPU
		{1468324B-FE07-45C7-9FF0-A437C3B3D3EB}.Release|Any CPU.Build.0 = Release|Any CPU
		{3A4CCD50-9DB7-0CBB-E35A-E707152346FA}.Debug|Any CPU.ActiveCfg = Debug|Any CPU
		{3A4CCD50-9DB7-0CBB-E35A-E707152346FA}.Debug|Any CPU.Build.0 = Debug|Any CPU
		{3A4CCD50-9DB7-0CBB-E35A-E707152346FA}.Release|Any CPU.ActiveCfg = Release|Any CPU
		{3A4CCD50-9DB7-0CBB-E35A-E707152346FA}.Release|Any CPU.Build.0 = Release|Any CPU
		{DF27CEA0-B558-BF4B-A59B-E81B49BFDEDB}.Debug|Any CPU.ActiveCfg = Debug|Any CPU
		{DF27CEA0-B558-BF4B-A59B-E81B49BFDEDB}.Debug|Any CPU.Build.0 = Debug|Any CPU
		{DF27CEA0-B558-BF4B-A59B-E81B49BFDEDB}.Release|Any CPU.ActiveCfg = Release|Any CPU
		{DF27CEA0-B558-BF4B-A59B-E81B49BFDEDB}.Release|Any CPU.Build.0 = Release|Any CPU
		{36F45F02-1917-557F-8D6B-121D37EEC4BA}.Debug|Any CPU.ActiveCfg = Debug|Any CPU
		{36F45F02-1917-557F-8D6B-121D37EEC4BA}.Debug|Any CPU.Build.0 = Debug|Any CPU
		{36F45F02-1917-557F-8D6B-121D37EEC4BA}.Release|Any CPU.ActiveCfg = Release|Any CPU
		{36F45F02-1917-557F-8D6B-121D37EEC4BA}.Release|Any CPU.Build.0 = Release|Any CPU
		{014E99D1-BDDB-4D3D-9CD9-6A7C23BAEE06}.Debug|Any CPU.ActiveCfg = Debug|Any CPU
		{014E99D1-BDDB-4D3D-9CD9-6A7C23BAEE06}.Debug|Any CPU.Build.0 = Debug|Any CPU
		{014E99D1-BDDB-4D3D-9CD9-6A7C23BAEE06}.Release|Any CPU.ActiveCfg = Release|Any CPU
		{014E99D1-BDDB-4D3D-9CD9-6A7C23BAEE06}.Release|Any CPU.Build.0 = Release|Any CPU
	EndGlobalSection
	GlobalSection(SolutionProperties) = preSolution
		HideSolutionNode = FALSE
	EndGlobalSection
	GlobalSection(NestedProjects) = preSolution
		{B396B2DC-86E3-4288-AD69-3D7767C05E36} = {2C482649-5D0D-41B4-9A07-93E57C7C01D5}
		{311515D7-738A-4A8B-8EDF-A20918101FD1} = {2750BC9B-1A89-4F23-83D2-DDA7F3E3CC1B}
		{2E0C825B-6582-4524-A0C8-A65B31826F4C} = {2750BC9B-1A89-4F23-83D2-DDA7F3E3CC1B}
		{8E3FEEEC-60B7-4CE3-9325-0FA90DABE519} = {8E26F238-DEC6-48E9-B7E4-BF39156973CD}
		{CEF4B981-AA1B-4538-935D-F5B6AA91DD11} = {8E26F238-DEC6-48E9-B7E4-BF39156973CD}
		{8E873551-1912-443F-89CD-05304156DBA1} = {FC14090B-F112-4582-8180-CB58EC9F4561}
		{C9CEBEC9-0F82-49DF-901A-F4997BBC9931} = {FC14090B-F112-4582-8180-CB58EC9F4561}
		{6D0200E9-709E-4E6D-840C-52FD950AA0EF} = {B396B2DC-86E3-4288-AD69-3D7767C05E36}
		{136E6709-6ACB-4D9A-B09C-EBDCEAF6D52A} = {B396B2DC-86E3-4288-AD69-3D7767C05E36}
		{CD00244C-5545-4286-8538-7E64632CDC9B} = {B396B2DC-86E3-4288-AD69-3D7767C05E36}
		{2750BC9B-1A89-4F23-83D2-DDA7F3E3CC1B} = {059FAF95-6599-4331-8D2E-CB7BC82C4AC8}
		{8E26F238-DEC6-48E9-B7E4-BF39156973CD} = {059FAF95-6599-4331-8D2E-CB7BC82C4AC8}
		{FC14090B-F112-4582-8180-CB58EC9F4561} = {059FAF95-6599-4331-8D2E-CB7BC82C4AC8}
		{26541E1B-B751-407F-A87C-A298FA4F97A6} = {6D0200E9-709E-4E6D-840C-52FD950AA0EF}
		{D0C2F955-6319-4C0E-89C1-F99237344A7A} = {2C482649-5D0D-41B4-9A07-93E57C7C01D5}
		{502E8946-9512-42CD-A404-70B441890EFD} = {D0C2F955-6319-4C0E-89C1-F99237344A7A}
		{977800E4-29B5-4A6E-85A8-F3DED593AEFF} = {D0C2F955-6319-4C0E-89C1-F99237344A7A}
		{9610A72D-5B71-4279-8925-C852EBAA3200} = {E7962031-85A0-481A-BB2A-F47FA2C98369}
		{1157BEE0-2377-4117-AC4C-33E4076A65F0} = {E7962031-85A0-481A-BB2A-F47FA2C98369}
		{1E6E5C82-15A7-4D20-AEE9-D73446C25AC8} = {E7962031-85A0-481A-BB2A-F47FA2C98369}
		{35EAE196-63B8-41A8-8219-AEDC1E488369} = {EA6E2E2E-AE19-4BEA-82E7-690FC2B74085}
		{E3555634-3C17-43DB-9ECA-427C628EBAE8} = {EA6E2E2E-AE19-4BEA-82E7-690FC2B74085}
		{286554FE-2CFD-4648-AAC3-A3FD551C6957} = {EA6E2E2E-AE19-4BEA-82E7-690FC2B74085}
		{28312F47-283A-4F9C-A20F-BF6CDC3B1F0D} = {EA6E2E2E-AE19-4BEA-82E7-690FC2B74085}
		{25F9F8C9-720C-4F8A-B087-729F4AE44515} = {EA6E2E2E-AE19-4BEA-82E7-690FC2B74085}
		{0F3EBBE8-72C7-4B86-8CD7-19F34EEF0655} = {EA6E2E2E-AE19-4BEA-82E7-690FC2B74085}
		{578D5B76-73C2-472B-B949-38F73B398CA1} = {7A16C827-565D-46AD-92A7-BB25A37189AF}
		{920B4F4D-DE7B-4459-A9FE-E7694A419D41} = {7A16C827-565D-46AD-92A7-BB25A37189AF}
		{F726FFD4-3D69-4A58-8061-7A147F89E050} = {9610A72D-5B71-4279-8925-C852EBAA3200}
		{F2448819-6B40-4031-8F54-E9B62BD10EDA} = {1157BEE0-2377-4117-AC4C-33E4076A65F0}
		{ED203539-0E7D-4FC1-8592-8C413D25A2ED} = {7A16C827-565D-46AD-92A7-BB25A37189AF}
		{EA3CC322-0673-43DD-8297-B58829C98DC2} = {136E6709-6ACB-4D9A-B09C-EBDCEAF6D52A}
		{EF6C547C-636D-479C-B871-8D6CF46D3F2C} = {136E6709-6ACB-4D9A-B09C-EBDCEAF6D52A}
		{067EDA01-194A-4DD9-A61A-A88423A4E0DE} = {CD00244C-5545-4286-8538-7E64632CDC9B}
		{A884F31B-D4E8-432D-81F9-36D278CF89E7} = {CD00244C-5545-4286-8538-7E64632CDC9B}
		{02EA681E-C7D8-13C7-8484-4AC65E1B71E8} = {2C482649-5D0D-41B4-9A07-93E57C7C01D5}
		{557CEE53-41C2-1F80-5137-C1FCE0660E58} = {502E8946-9512-42CD-A404-70B441890EFD}
		{1468324B-FE07-45C7-9FF0-A437C3B3D3EB} = {502E8946-9512-42CD-A404-70B441890EFD}
		{3A4CCD50-9DB7-0CBB-E35A-E707152346FA} = {977800E4-29B5-4A6E-85A8-F3DED593AEFF}
		{DF27CEA0-B558-BF4B-A59B-E81B49BFDEDB} = {02EA681E-C7D8-13C7-8484-4AC65E1B71E8}
		{36F45F02-1917-557F-8D6B-121D37EEC4BA} = {02EA681E-C7D8-13C7-8484-4AC65E1B71E8}
		{014E99D1-BDDB-4D3D-9CD9-6A7C23BAEE06} = {2C482649-5D0D-41B4-9A07-93E57C7C01D5}
	EndGlobalSection
	GlobalSection(ExtensibilityGlobals) = postSolution
		SolutionGuid = {53ECCFEC-A574-48C6-8787-56F483DC5AD0}
	EndGlobalSection
EndGlobal
