
Microsoft Visual Studio Solution File, Format Version 12.00
# Visual Studio Version 17
VisualStudioVersion = 17.3.32825.248
MinimumVisualStudioVersion = 10.0.40219.1
Project("{2150E333-8FDC-42A3-9474-1A3956D46DE8}") = "A Single Resonsibility Principle", "A Single Resonsibility Principle", "{B396B2DC-86E3-4288-AD69-3D7767C05E36}"
EndProject
Project("{2150E333-8FDC-42A3-9474-1A3956D46DE8}") = "B Telefon", "B Telefon", "{059FAF95-6599-4331-8D2E-CB7BC82C4AC8}"
EndProject
Project("{FAE04EC0-301F-11D3-BF4B-00C04F79EFBC}") = "Telefon.Original", "03_Telefon\A_Original\Telefon.Original.csproj", "{311515D7-738A-4A8B-8EDF-A20918101FD1}"
EndProject
Project("{FAE04EC0-301F-11D3-BF4B-00C04F79EFBC}") = "Telefon.Original.Tests", "03_Telefon\A_Original.Tests\Telefon.Original.Tests.csproj", "{2E0C825B-6582-4524-A0C8-A65B31826F4C}"
EndProject
Project("{FAE04EC0-301F-11D3-BF4B-00C04F79EFBC}") = "Telefon.Refactored", "03_Telefon\C_Refactored\Telefon.Refactored.csproj", "{8E873551-1912-443F-89CD-05304156DBA1}"
EndProject
Project("{FAE04EC0-301F-11D3-BF4B-00C04F79EFBC}") = "Telefon.Refactored.Tests", "03_Telefon\C_Refactored.Tests\Telefon.Refactored.Tests.csproj", "{C9CEBEC9-0F82-49DF-901A-F4997BBC9931}"
EndProject
Project("{2150E333-8FDC-42A3-9474-1A3956D46DE8}") = "1 Original", "1 Original", "{6D0200E9-709E-4E6D-840C-52FD950AA0EF}"
EndProject
Project("{2150E333-8FDC-42A3-9474-1A3956D46DE8}") = "2 Testable", "2 Testable", "{136E6709-6ACB-4D9A-B09C-EBDCEAF6D52A}"
EndProject
Project("{2150E333-8FDC-42A3-9474-1A3956D46DE8}") = "3 Final", "3 Final", "{CD00244C-5545-4286-8538-7E64632CDC9B}"
EndProject
Project("{2150E333-8FDC-42A3-9474-1A3956D46DE8}") = "A Original", "A Original", "{2750BC9B-1A89-4F23-83D2-DDA7F3E3CC1B}"
EndProject
Project("{2150E333-8FDC-42A3-9474-1A3956D46DE8}") = "B Solution", "B Solution", "{FC14090B-F112-4582-8180-CB58EC9F4561}"
EndProject
Project("{FAE04EC0-301F-11D3-BF4B-00C04F79EFBC}") = "TicTacToe.Original", "02_TicTacToe\A_Original\TicTacToe.Original.csproj", "{26541E1B-B751-407F-A87C-A298FA4F97A6}"
EndProject
Project("{2150E333-8FDC-42A3-9474-1A3956D46DE8}") = "B Open Closed Priciple", "B Open Closed Priciple", "{D0C2F955-6319-4C0E-89C1-F99237344A7A}"
EndProject
Project("{2150E333-8FDC-42A3-9474-1A3956D46DE8}") = "1 Original", "1 Original", "{502E8946-9512-42CD-A404-70B441890EFD}"
EndProject
Project("{2150E333-8FDC-42A3-9474-1A3956D46DE8}") = "2 Final", "2 Final", "{977800E4-29B5-4A6E-85A8-F3DED593AEFF}"
EndProject
Project("{2150E333-8FDC-42A3-9474-1A3956D46DE8}") = "A Charger", "A Charger", "{E7962031-85A0-481A-BB2A-F47FA2C98369}"
EndProject
Project("{2150E333-8FDC-42A3-9474-1A3956D46DE8}") = "A Original", "A Original", "{9610A72D-5B71-4279-8925-C852EBAA3200}"
EndProject
Project("{2150E333-8FDC-42A3-9474-1A3956D46DE8}") = "B Solution", "B Solution", "{1157BEE0-2377-4117-AC4C-33E4076A65F0}"
EndProject
Project("{2150E333-8FDC-42A3-9474-1A3956D46DE8}") = "A GildedRose", "A GildedRose", "{EA6E2E2E-AE19-4BEA-82E7-690FC2B74085}"
EndProject
Project("{9A19103F-16F7-4668-BE54-9A1E7A4F7556}") = "GildedRoseKata.Original", "06_GildedRose\A_Original\GildedRoseKata.Original.csproj", "{35EAE196-63B8-41A8-8219-AEDC1E488369}"
EndProject
Project("{9A19103F-16F7-4668-BE54-9A1E7A4F7556}") = "GildedRoseKata.Original.Tests", "06_GildedRose\A_Original.Tests\GildedRoseKata.Original.Tests.csproj", "{E3555634-3C17-43DB-9ECA-427C628EBAE8}"
EndProject
Project("{FAE04EC0-301F-11D3-BF4B-00C04F79EFBC}") = "Kniffel.Original", "07_Kniffel\Kniffel.Original\Kniffel.Original.csproj", "{578D5B76-73C2-472B-B949-38F73B398CA1}"
EndProject
Project("{2150E333-8FDC-42A3-9474-1A3956D46DE8}") = "B Kniffel", "B Kniffel", "{7A16C827-565D-46AD-92A7-BB25A37189AF}"
EndProject
Project("{FAE04EC0-301F-11D3-BF4B-00C04F79EFBC}") = "Kniffel.Original.Tests", "07_Kniffel\Kniffel.Original.Tests\Kniffel.Original.Tests.csproj", "{920B4F4D-DE7B-4459-A9FE-E7694A419D41}"
EndProject
Project("{9A19103F-16F7-4668-BE54-9A1E7A4F7556}") = "Kniffel.Refactored", "07_Kniffel\Kniffel.Refactored\Kniffel.Refactored.csproj", "{ED203539-0E7D-4FC1-8592-8C413D25A2ED}"
EndProject
Project("{FAE04EC0-301F-11D3-BF4B-00C04F79EFBC}") = "TicTacToe.Testable", "02_TicTacToe\B_Testable\TicTacToe.Testable.csproj", "{EA3CC322-0673-43DD-8297-B58829C98DC2}"
EndProject
Project("{FAE04EC0-301F-11D3-BF4B-00C04F79EFBC}") = "TicTacToe.Testable.Tests", "02_TicTacToe\B_Testable.Tests\TicTacToe.Testable.Tests.csproj", "{EF6C547C-636D-479C-B871-8D6CF46D3F2C}"
EndProject
Project("{FAE04EC0-301F-11D3-BF4B-00C04F79EFBC}") = "TicTacToe.Final", "02_TicTacToe\D_Final\TicTacToe.Final.csproj", "{067EDA01-194A-4DD9-A61A-A88423A4E0DE}"
EndProject
Project("{FAE04EC0-301F-11D3-BF4B-00C04F79EFBC}") = "TicTacToe.Final.Tests", "02_TicTacToe\D_Final.Tests\TicTacToe.Final.Tests.csproj", "{A884F31B-D4E8-432D-81F9-36D278CF89E7}"
EndProject
Project("{2150E333-8FDC-42A3-9474-1A3956D46DE8}") = "C Liskov Substitution Principle", "C Liskov Substitution Principle", "{02EA681E-C7D8-13C7-8484-4AC65E1B71E8}"
EndProject
Project("{FAE04EC0-301F-11D3-BF4B-00C04F79EFBC}") = "OpenClosed.Original", "OpenClosed.Original\OpenClosed.Original.csproj", "{557CEE53-41C2-1F80-5137-C1FCE0660E58}"
EndProject
Project("{FAE04EC0-301F-11D3-BF4B-00C04F79EFBC}") = "OpenClosed.Original.Tests", "OpenClosed.Original.Tests\OpenClosed.Original.Tests.csproj", "{1468324B-FE07-45C7-9FF0-A437C3B3D3EB}"
EndProject
Project("{FAE04EC0-301F-11D3-BF4B-00C04F79EFBC}") = "OpenClosed.Final", "OpenClosed.Final\OpenClosed.Final.csproj", "{3A4CCD50-9DB7-0CBB-E35A-E707152346FA}"
EndProject
Project("{2150E333-8FDC-42A3-9474-1A3956D46DE8}") = "1 SOLID Kriterien", "1 SOLID Kriterien", "{2C482649-5D0D-41B4-9A07-93E57C7C01D5}"
EndProject
Project("{FAE04EC0-301F-11D3-BF4B-00C04F79EFBC}") = "Liskov", "Liskov\Liskov.csproj", "{DF27CEA0-B558-BF4B-A59B-E81B49BFDEDB}"
EndProject
Project("{FAE04EC0-301F-11D3-BF4B-00C04F79EFBC}") = "Liskov.Tests", "Liskov.Tests\Liskov.Tests.csproj", "{36F45F02-1917-557F-8D6B-121D37EEC4BA}"
EndProject
Project("{FAE04EC0-301F-11D3-BF4B-00C04F79EFBC}") = "InterfaceSegregation", "InterfaceSegragation\InterfaceSegregation.csproj", "{014E99D1-BDDB-4D3D-9CD9-6A7C23BAEE06}"
EndProject
Project("{2150E333-8FDC-42A3-9474-1A3956D46DE8}") = "D Interface Segregation Principle", "D Interface Segregation Principle", "{19DCE0F9-4F20-481F-89DE-702355148D28}"
EndProject
Project("{2150E333-8FDC-42A3-9474-1A3956D46DE8}") = "E Dependency Inversion Principle", "E Dependency Inversion Principle", "{1D055D01-8AB2-4561-8680-7B859C3615C9}"
EndProject
Project("{FAE04EC0-301F-11D3-BF4B-00C04F79EFBC}") = "DependencyInversion", "DependencyInversion\DependencyInversion.csproj", "{46BF9C40-C8AA-FB1C-9FD3-2B6FA7FE061E}"
EndProject
Project("{2150E333-8FDC-42A3-9474-1A3956D46DE8}") = "4 KI Refactoring", "4 KI Refactoring", "{30576947-AE5F-46DD-9A24-DF5B61467B3D}"
EndProject
Project("{2150E333-8FDC-42A3-9474-1A3956D46DE8}") = "2 Patterns", "2 Patterns", "{71CF53C3-A0C8-4643-8339-8286BFCF1F4C}"
EndProject
Project("{2150E333-8FDC-42A3-9474-1A3956D46DE8}") = "5 KI Test Driven Design", "5 KI Test Driven Design", "{7E9783E0-790D-4955-9AE5-395C564CFD7D}"
EndProject
Project("{FAE04EC0-301F-11D3-BF4B-00C04F79EFBC}") = "GildedRoseKata.TestDriven", "GildedRoseKata.TestDriven\GildedRoseKata.TestDriven.csproj", "{DA16FEDE-5154-43A7-AC22-DDBE9D7958FD}"
EndProject
Project("{FAE04EC0-301F-11D3-BF4B-00C04F79EFBC}") = "GildedRoseKata.TestDriven.Tests", "GildedRoseKata.TestDriven.Tests\GildedRoseKata.TestDriven.Tests.csproj", "{B3936586-957E-4587-A76E-A7CCBD45482A}"
EndProject
Project("{2150E333-8FDC-42A3-9474-1A3956D46DE8}") = "99 Advanced Topics", "99 Advanced Topics", "{DC4BB891-DC3D-4CFF-87A8-2F784A777083}"
	ProjectSection(SolutionItems) = preProject
		CopilotHelp.md = CopilotHelp.md
	EndProjectSection
EndProject
Project("{FAE04EC0-301F-11D3-BF4B-00C04F79EFBC}") = "MarsRoverKata", "MarsRoverKata\MarsRoverKata.csproj", "{8934A00A-5C0A-FEDF-0F44-C4DA90EE2D28}"
EndProject
Project("{FAE04EC0-301F-11D3-BF4B-00C04F79EFBC}") = "MarsRoverKata.Tests", "MarsRoverKata.Tests\MarsRoverKata.Tests.csproj", "{6835DB22-312E-8D53-5B58-527AE5785FAD}"
EndProject
Project("{FAE04EC0-301F-11D3-BF4B-00C04F79EFBC}") = "ModelContextProtocol", "ModelContextProtocol\ModelContextProtocol.csproj", "{57B7A3FE-E5BA-4C5A-8AC3-5A319C62D986}"
EndProject
Project("{2150E333-8FDC-42A3-9474-1A3956D46DE8}") = "6 KI Dokumentation", "6 KI Dokumentation", "{9A464240-01B4-4B50-B56F-4523025820F2}"
EndProject
Project("{2150E333-8FDC-42A3-9474-1A3956D46DE8}") = "7 KI Datenbanken", "7 KI Datenbanken", "{09A71DD4-1395-440C-A3AD-8C0427E3D552}"
EndProject
Project("{FAE04EC0-301F-11D3-BF4B-00C04F79EFBC}") = "Datenbank", "Datenbank\Datenbank.csproj", "{F75AEEBA-4B0B-48A1-8375-8286FC5D83D4}"
EndProject
Project("{FAE04EC0-301F-11D3-BF4B-00C04F79EFBC}") = "OpenApiAutomation", "OpenApiAutomation\OpenApiAutomation.csproj", "{A6F75EE7-CAA4-4D92-B019-C8AC64BB37E0}"
EndProject
Project("{2150E333-8FDC-42A3-9474-1A3956D46DE8}") = "A GildedRose", "A GildedRose", "{B8EDCA06-845F-49D8-87EC-479B6C534628}"
EndProject
Project("{2150E333-8FDC-42A3-9474-1A3956D46DE8}") = "B MarsRover", "B MarsRover", "{4F14F2C9-B618-49F3-83C4-F03C48961468}"
EndProject
Project("{FAE04EC0-301F-11D3-BF4B-00C04F79EFBC}") = "Dokumentation", "Dokumentation\Dokumentation.csproj", "{4A3551B9-8E29-4FC6-9E5E-DCB4981554F2}"
EndProject
Project("{2150E333-8FDC-42A3-9474-1A3956D46DE8}") = "3 KI Pair Programming", "3 KI Pair Programming", "{D1D4CD80-6338-4843-AE9A-A4F42BA98FFF}"
EndProject
Project("{FAE04EC0-301F-11D3-BF4B-00C04F79EFBC}") = "IbanValidation", "IbanValidation\IbanValidation.csproj", "{E44EF1F5-E044-D26C-A26B-86AC01E24581}"
EndProject
Project("{FAE04EC0-301F-11D3-BF4B-00C04F79EFBC}") = "IbanValidation.Tests", "IbanValidation.Tests\IbanValidation.Tests.csproj", "{6139C31F-B1B7-F0B3-8A13-CFFE0422F8AB}"
EndProject
Project("{FAE04EC0-301F-11D3-BF4B-00C04F79EFBC}") = "Charger.Original", "Charger.Original\Charger.Original.csproj", "{9F8C514F-2455-07D2-4261-1F653EB7514E}"
EndProject
Project("{FAE04EC0-301F-11D3-BF4B-00C04F79EFBC}") = "Charger.Final", "Charger.Final\Charger.Final.csproj", "{52252224-A213-C13B-C86D-9684E8D724CB}"
EndProject
Project("{FAE04EC0-301F-11D3-BF4B-00C04F79EFBC}") = "Charger.Final.Tests", "Charger.Final.Tests\Charger.Final.Tests.csproj", "{F399D526-0817-4E33-E35C-8102E6DA64B8}"
EndProject
Project("{FAE04EC0-301F-11D3-BF4B-00C04F79EFBC}") = "SecurityVulnerabilities", "SecurityVulnerabilities\SecurityVulnerabilities.csproj", "{51E10DCB-651C-826E-1014-91C4AEAC66D2}"
EndProject
Project("{FAE04EC0-301F-11D3-BF4B-00C04F79EFBC}") = "RepositoryCustomInstructions", "RepositoryCustomInstructions\RepositoryCustomInstructions.csproj", "{C968C7C7-1556-426F-A713-04D77BDB24EE}"
EndProject
Project("{FAE04EC0-301F-11D3-BF4B-00C04F79EFBC}") = "PromptFiles", "PromptFiles\PromptFiles.csproj", "{1CD80571-D573-4185-9F6D-71B2C1FB6C6D}"
EndProject
Project("{FAE04EC0-301F-11D3-BF4B-00C04F79EFBC}") = "Routenplaner", "Routenplaner\Routenplaner.csproj", "{3FA7589B-1ADC-495F-AC35-76A21F0EC5DB}"
EndProject
Project("{2150E333-8FDC-42A3-9474-1A3956D46DE8}") = "C Routenplaner", "C Routenplaner", "{2D732B7B-F60E-4AC9-9E82-84B9F6C3262F}"
EndProject
Project("{FAE04EC0-301F-11D3-BF4B-00C04F79EFBC}") = "Routenplaner.Tests", "RoutenplanerTests\Routenplaner.Tests.csproj", "{5528E3BB-8B31-41A7-A579-968BE95E63EC}"
EndProject
Global
	GlobalSection(SolutionConfigurationPlatforms) = preSolution
		Debug|Any CPU = Debug|Any CPU
		Release|Any CPU = Release|Any CPU
	EndGlobalSection
	GlobalSection(ProjectConfigurationPlatforms) = postSolution
		{311515D7-738A-4A8B-8EDF-A20918101FD1}.Debug|Any CPU.ActiveCfg = Debug|Any CPU
		{311515D7-738A-4A8B-8EDF-A20918101FD1}.Debug|Any CPU.Build.0 = Debug|Any CPU
		{311515D7-738A-4A8B-8EDF-A20918101FD1}.Release|Any CPU.ActiveCfg = Release|Any CPU
		{311515D7-738A-4A8B-8EDF-A20918101FD1}.Release|Any CPU.Build.0 = Release|Any CPU
		{2E0C825B-6582-4524-A0C8-A65B31826F4C}.Debug|Any CPU.ActiveCfg = Debug|Any CPU
		{2E0C825B-6582-4524-A0C8-A65B31826F4C}.Debug|Any CPU.Build.0 = Debug|Any CPU
		{2E0C825B-6582-4524-A0C8-A65B31826F4C}.Release|Any CPU.ActiveCfg = Release|Any CPU
		{2E0C825B-6582-4524-A0C8-A65B31826F4C}.Release|Any CPU.Build.0 = Release|Any CPU
		{8E873551-1912-443F-89CD-05304156DBA1}.Debug|Any CPU.ActiveCfg = Debug|Any CPU
		{8E873551-1912-443F-89CD-05304156DBA1}.Debug|Any CPU.Build.0 = Debug|Any CPU
		{8E873551-1912-443F-89CD-05304156DBA1}.Release|Any CPU.ActiveCfg = Release|Any CPU
		{8E873551-1912-443F-89CD-05304156DBA1}.Release|Any CPU.Build.0 = Release|Any CPU
		{C9CEBEC9-0F82-49DF-901A-F4997BBC9931}.Debug|Any CPU.ActiveCfg = Debug|Any CPU
		{C9CEBEC9-0F82-49DF-901A-F4997BBC9931}.Debug|Any CPU.Build.0 = Debug|Any CPU
		{C9CEBEC9-0F82-49DF-901A-F4997BBC9931}.Release|Any CPU.ActiveCfg = Release|Any CPU
		{C9CEBEC9-0F82-49DF-901A-F4997BBC9931}.Release|Any CPU.Build.0 = Release|Any CPU
		{26541E1B-B751-407F-A87C-A298FA4F97A6}.Debug|Any CPU.ActiveCfg = Debug|Any CPU
		{26541E1B-B751-407F-A87C-A298FA4F97A6}.Debug|Any CPU.Build.0 = Debug|Any CPU
		{26541E1B-B751-407F-A87C-A298FA4F97A6}.Release|Any CPU.ActiveCfg = Release|Any CPU
		{26541E1B-B751-407F-A87C-A298FA4F97A6}.Release|Any CPU.Build.0 = Release|Any CPU
		{35EAE196-63B8-41A8-8219-AEDC1E488369}.Debug|Any CPU.ActiveCfg = Debug|Any CPU
		{35EAE196-63B8-41A8-8219-AEDC1E488369}.Debug|Any CPU.Build.0 = Debug|Any CPU
		{35EAE196-63B8-41A8-8219-AEDC1E488369}.Release|Any CPU.ActiveCfg = Release|Any CPU
		{35EAE196-63B8-41A8-8219-AEDC1E488369}.Release|Any CPU.Build.0 = Release|Any CPU
		{E3555634-3C17-43DB-9ECA-427C628EBAE8}.Debug|Any CPU.ActiveCfg = Debug|Any CPU
		{E3555634-3C17-43DB-9ECA-427C628EBAE8}.Debug|Any CPU.Build.0 = Debug|Any CPU
		{E3555634-3C17-43DB-9ECA-427C628EBAE8}.Release|Any CPU.ActiveCfg = Release|Any CPU
		{E3555634-3C17-43DB-9ECA-427C628EBAE8}.Release|Any CPU.Build.0 = Release|Any CPU
		{578D5B76-73C2-472B-B949-38F73B398CA1}.Debug|Any CPU.ActiveCfg = Debug|Any CPU
		{578D5B76-73C2-472B-B949-38F73B398CA1}.Debug|Any CPU.Build.0 = Debug|Any CPU
		{578D5B76-73C2-472B-B949-38F73B398CA1}.Release|Any CPU.ActiveCfg = Release|Any CPU
		{578D5B76-73C2-472B-B949-38F73B398CA1}.Release|Any CPU.Build.0 = Release|Any CPU
		{920B4F4D-DE7B-4459-A9FE-E7694A419D41}.Debug|Any CPU.ActiveCfg = Debug|Any CPU
		{920B4F4D-DE7B-4459-A9FE-E7694A419D41}.Debug|Any CPU.Build.0 = Debug|Any CPU
		{920B4F4D-DE7B-4459-A9FE-E7694A419D41}.Release|Any CPU.ActiveCfg = Release|Any CPU
		{920B4F4D-DE7B-4459-A9FE-E7694A419D41}.Release|Any CPU.Build.0 = Release|Any CPU
		{ED203539-0E7D-4FC1-8592-8C413D25A2ED}.Debug|Any CPU.ActiveCfg = Debug|Any CPU
		{ED203539-0E7D-4FC1-8592-8C413D25A2ED}.Debug|Any CPU.Build.0 = Debug|Any CPU
		{ED203539-0E7D-4FC1-8592-8C413D25A2ED}.Release|Any CPU.ActiveCfg = Release|Any CPU
		{ED203539-0E7D-4FC1-8592-8C413D25A2ED}.Release|Any CPU.Build.0 = Release|Any CPU
		{EA3CC322-0673-43DD-8297-B58829C98DC2}.Debug|Any CPU.ActiveCfg = Debug|Any CPU
		{EA3CC322-0673-43DD-8297-B58829C98DC2}.Debug|Any CPU.Build.0 = Debug|Any CPU
		{EA3CC322-0673-43DD-8297-B58829C98DC2}.Release|Any CPU.ActiveCfg = Release|Any CPU
		{EA3CC322-0673-43DD-8297-B58829C98DC2}.Release|Any CPU.Build.0 = Release|Any CPU
		{EF6C547C-636D-479C-B871-8D6CF46D3F2C}.Debug|Any CPU.ActiveCfg = Debug|Any CPU
		{EF6C547C-636D-479C-B871-8D6CF46D3F2C}.Debug|Any CPU.Build.0 = Debug|Any CPU
		{EF6C547C-636D-479C-B871-8D6CF46D3F2C}.Release|Any CPU.ActiveCfg = Release|Any CPU
		{EF6C547C-636D-479C-B871-8D6CF46D3F2C}.Release|Any CPU.Build.0 = Release|Any CPU
		{067EDA01-194A-4DD9-A61A-A88423A4E0DE}.Debug|Any CPU.ActiveCfg = Debug|Any CPU
		{067EDA01-194A-4DD9-A61A-A88423A4E0DE}.Debug|Any CPU.Build.0 = Debug|Any CPU
		{067EDA01-194A-4DD9-A61A-A88423A4E0DE}.Release|Any CPU.ActiveCfg = Release|Any CPU
		{067EDA01-194A-4DD9-A61A-A88423A4E0DE}.Release|Any CPU.Build.0 = Release|Any CPU
		{A884F31B-D4E8-432D-81F9-36D278CF89E7}.Debug|Any CPU.ActiveCfg = Debug|Any CPU
		{A884F31B-D4E8-432D-81F9-36D278CF89E7}.Debug|Any CPU.Build.0 = Debug|Any CPU
		{A884F31B-D4E8-432D-81F9-36D278CF89E7}.Release|Any CPU.ActiveCfg = Release|Any CPU
		{A884F31B-D4E8-432D-81F9-36D278CF89E7}.Release|Any CPU.Build.0 = Release|Any CPU
		{557CEE53-41C2-1F80-5137-C1FCE0660E58}.Debug|Any CPU.ActiveCfg = Debug|Any CPU
		{557CEE53-41C2-1F80-5137-C1FCE0660E58}.Debug|Any CPU.Build.0 = Debug|Any CPU
		{557CEE53-41C2-1F80-5137-C1FCE0660E58}.Release|Any CPU.ActiveCfg = Release|Any CPU
		{557CEE53-41C2-1F80-5137-C1FCE0660E58}.Release|Any CPU.Build.0 = Release|Any CPU
		{1468324B-FE07-45C7-9FF0-A437C3B3D3EB}.Debug|Any CPU.ActiveCfg = Debug|Any CPU
		{1468324B-FE07-45C7-9FF0-A437C3B3D3EB}.Debug|Any CPU.Build.0 = Debug|Any CPU
		{1468324B-FE07-45C7-9FF0-A437C3B3D3EB}.Release|Any CPU.ActiveCfg = Release|Any CPU
		{1468324B-FE07-45C7-9FF0-A437C3B3D3EB}.Release|Any CPU.Build.0 = Release|Any CPU
		{3A4CCD50-9DB7-0CBB-E35A-E707152346FA}.Debug|Any CPU.ActiveCfg = Debug|Any CPU
		{3A4CCD50-9DB7-0CBB-E35A-E707152346FA}.Debug|Any CPU.Build.0 = Debug|Any CPU
		{3A4CCD50-9DB7-0CBB-E35A-E707152346FA}.Release|Any CPU.ActiveCfg = Release|Any CPU
		{3A4CCD50-9DB7-0CBB-E35A-E707152346FA}.Release|Any CPU.Build.0 = Release|Any CPU
		{DF27CEA0-B558-BF4B-A59B-E81B49BFDEDB}.Debug|Any CPU.ActiveCfg = Debug|Any CPU
		{DF27CEA0-B558-BF4B-A59B-E81B49BFDEDB}.Debug|Any CPU.Build.0 = Debug|Any CPU
		{DF27CEA0-B558-BF4B-A59B-E81B49BFDEDB}.Release|Any CPU.ActiveCfg = Release|Any CPU
		{DF27CEA0-B558-BF4B-A59B-E81B49BFDEDB}.Release|Any CPU.Build.0 = Release|Any CPU
		{36F45F02-1917-557F-8D6B-121D37EEC4BA}.Debug|Any CPU.ActiveCfg = Debug|Any CPU
		{36F45F02-1917-557F-8D6B-121D37EEC4BA}.Debug|Any CPU.Build.0 = Debug|Any CPU
		{36F45F02-1917-557F-8D6B-121D37EEC4BA}.Release|Any CPU.ActiveCfg = Release|Any CPU
		{36F45F02-1917-557F-8D6B-121D37EEC4BA}.Release|Any CPU.Build.0 = Release|Any CPU
		{014E99D1-BDDB-4D3D-9CD9-6A7C23BAEE06}.Debug|Any CPU.ActiveCfg = Debug|Any CPU
		{014E99D1-BDDB-4D3D-9CD9-6A7C23BAEE06}.Debug|Any CPU.Build.0 = Debug|Any CPU
		{014E99D1-BDDB-4D3D-9CD9-6A7C23BAEE06}.Release|Any CPU.ActiveCfg = Release|Any CPU
		{014E99D1-BDDB-4D3D-9CD9-6A7C23BAEE06}.Release|Any CPU.Build.0 = Release|Any CPU
		{46BF9C40-C8AA-FB1C-9FD3-2B6FA7FE061E}.Debug|Any CPU.ActiveCfg = Debug|Any CPU
		{46BF9C40-C8AA-FB1C-9FD3-2B6FA7FE061E}.Debug|Any CPU.Build.0 = Debug|Any CPU
		{46BF9C40-C8AA-FB1C-9FD3-2B6FA7FE061E}.Release|Any CPU.ActiveCfg = Release|Any CPU
		{46BF9C40-C8AA-FB1C-9FD3-2B6FA7FE061E}.Release|Any CPU.Build.0 = Release|Any CPU
		{DA16FEDE-5154-43A7-AC22-DDBE9D7958FD}.Debug|Any CPU.ActiveCfg = Debug|Any CPU
		{DA16FEDE-5154-43A7-AC22-DDBE9D7958FD}.Debug|Any CPU.Build.0 = Debug|Any CPU
		{DA16FEDE-5154-43A7-AC22-DDBE9D7958FD}.Release|Any CPU.ActiveCfg = Release|Any CPU
		{DA16FEDE-5154-43A7-AC22-DDBE9D7958FD}.Release|Any CPU.Build.0 = Release|Any CPU
		{B3936586-957E-4587-A76E-A7CCBD45482A}.Debug|Any CPU.ActiveCfg = Debug|Any CPU
		{B3936586-957E-4587-A76E-A7CCBD45482A}.Debug|Any CPU.Build.0 = Debug|Any CPU
		{B3936586-957E-4587-A76E-A7CCBD45482A}.Release|Any CPU.ActiveCfg = Release|Any CPU
		{B3936586-957E-4587-A76E-A7CCBD45482A}.Release|Any CPU.Build.0 = Release|Any CPU
		{8934A00A-5C0A-FEDF-0F44-C4DA90EE2D28}.Debug|Any CPU.ActiveCfg = Debug|Any CPU
		{8934A00A-5C0A-FEDF-0F44-C4DA90EE2D28}.Debug|Any CPU.Build.0 = Debug|Any CPU
		{8934A00A-5C0A-FEDF-0F44-C4DA90EE2D28}.Release|Any CPU.ActiveCfg = Release|Any CPU
		{8934A00A-5C0A-FEDF-0F44-C4DA90EE2D28}.Release|Any CPU.Build.0 = Release|Any CPU
		{6835DB22-312E-8D53-5B58-527AE5785FAD}.Debug|Any CPU.ActiveCfg = Debug|Any CPU
		{6835DB22-312E-8D53-5B58-527AE5785FAD}.Debug|Any CPU.Build.0 = Debug|Any CPU
		{6835DB22-312E-8D53-5B58-527AE5785FAD}.Release|Any CPU.ActiveCfg = Release|Any CPU
		{6835DB22-312E-8D53-5B58-527AE5785FAD}.Release|Any CPU.Build.0 = Release|Any CPU
		{57B7A3FE-E5BA-4C5A-8AC3-5A319C62D986}.Debug|Any CPU.ActiveCfg = Debug|Any CPU
		{57B7A3FE-E5BA-4C5A-8AC3-5A319C62D986}.Debug|Any CPU.Build.0 = Debug|Any CPU
		{57B7A3FE-E5BA-4C5A-8AC3-5A319C62D986}.Release|Any CPU.ActiveCfg = Release|Any CPU
		{57B7A3FE-E5BA-4C5A-8AC3-5A319C62D986}.Release|Any CPU.Build.0 = Release|Any CPU
		{F75AEEBA-4B0B-48A1-8375-8286FC5D83D4}.Debug|Any CPU.ActiveCfg = Debug|Any CPU
		{F75AEEBA-4B0B-48A1-8375-8286FC5D83D4}.Debug|Any CPU.Build.0 = Debug|Any CPU
		{F75AEEBA-4B0B-48A1-8375-8286FC5D83D4}.Release|Any CPU.ActiveCfg = Release|Any CPU
		{F75AEEBA-4B0B-48A1-8375-8286FC5D83D4}.Release|Any CPU.Build.0 = Release|Any CPU
		{A6F75EE7-CAA4-4D92-B019-C8AC64BB37E0}.Debug|Any CPU.ActiveCfg = Debug|Any CPU
		{A6F75EE7-CAA4-4D92-B019-C8AC64BB37E0}.Debug|Any CPU.Build.0 = Debug|Any CPU
		{A6F75EE7-CAA4-4D92-B019-C8AC64BB37E0}.Release|Any CPU.ActiveCfg = Release|Any CPU
		{A6F75EE7-CAA4-4D92-B019-C8AC64BB37E0}.Release|Any CPU.Build.0 = Release|Any CPU
		{4A3551B9-8E29-4FC6-9E5E-DCB4981554F2}.Debug|Any CPU.ActiveCfg = Debug|Any CPU
		{4A3551B9-8E29-4FC6-9E5E-DCB4981554F2}.Debug|Any CPU.Build.0 = Debug|Any CPU
		{4A3551B9-8E29-4FC6-9E5E-DCB4981554F2}.Release|Any CPU.ActiveCfg = Release|Any CPU
		{4A3551B9-8E29-4FC6-9E5E-DCB4981554F2}.Release|Any CPU.Build.0 = Release|Any CPU
		{E44EF1F5-E044-D26C-A26B-86AC01E24581}.Debug|Any CPU.ActiveCfg = Debug|Any CPU
		{E44EF1F5-E044-D26C-A26B-86AC01E24581}.Debug|Any CPU.Build.0 = Debug|Any CPU
		{E44EF1F5-E044-D26C-A26B-86AC01E24581}.Release|Any CPU.ActiveCfg = Release|Any CPU
		{E44EF1F5-E044-D26C-A26B-86AC01E24581}.Release|Any CPU.Build.0 = Release|Any CPU
		{6139C31F-B1B7-F0B3-8A13-CFFE0422F8AB}.Debug|Any CPU.ActiveCfg = Debug|Any CPU
		{6139C31F-B1B7-F0B3-8A13-CFFE0422F8AB}.Debug|Any CPU.Build.0 = Debug|Any CPU
		{6139C31F-B1B7-F0B3-8A13-CFFE0422F8AB}.Release|Any CPU.ActiveCfg = Release|Any CPU
		{6139C31F-B1B7-F0B3-8A13-CFFE0422F8AB}.Release|Any CPU.Build.0 = Release|Any CPU
		{9F8C514F-2455-07D2-4261-1F653EB7514E}.Debug|Any CPU.ActiveCfg = Debug|Any CPU
		{9F8C514F-2455-07D2-4261-1F653EB7514E}.Debug|Any CPU.Build.0 = Debug|Any CPU
		{9F8C514F-2455-07D2-4261-1F653EB7514E}.Release|Any CPU.ActiveCfg = Release|Any CPU
		{9F8C514F-2455-07D2-4261-1F653EB7514E}.Release|Any CPU.Build.0 = Release|Any CPU
		{52252224-A213-C13B-C86D-9684E8D724CB}.Debug|Any CPU.ActiveCfg = Debug|Any CPU
		{52252224-A213-C13B-C86D-9684E8D724CB}.Debug|Any CPU.Build.0 = Debug|Any CPU
		{52252224-A213-C13B-C86D-9684E8D724CB}.Release|Any CPU.ActiveCfg = Release|Any CPU
		{52252224-A213-C13B-C86D-9684E8D724CB}.Release|Any CPU.Build.0 = Release|Any CPU
		{F399D526-0817-4E33-E35C-8102E6DA64B8}.Debug|Any CPU.ActiveCfg = Debug|Any CPU
		{F399D526-0817-4E33-E35C-8102E6DA64B8}.Debug|Any CPU.Build.0 = Debug|Any CPU
		{F399D526-0817-4E33-E35C-8102E6DA64B8}.Release|Any CPU.ActiveCfg = Release|Any CPU
		{F399D526-0817-4E33-E35C-8102E6DA64B8}.Release|Any CPU.Build.0 = Release|Any CPU
		{51E10DCB-651C-826E-1014-91C4AEAC66D2}.Debug|Any CPU.ActiveCfg = Debug|Any CPU
		{51E10DCB-651C-826E-1014-91C4AEAC66D2}.Debug|Any CPU.Build.0 = Debug|Any CPU
		{51E10DCB-651C-826E-1014-91C4AEAC66D2}.Release|Any CPU.ActiveCfg = Release|Any CPU
		{51E10DCB-651C-826E-1014-91C4AEAC66D2}.Release|Any CPU.Build.0 = Release|Any CPU
		{C968C7C7-1556-426F-A713-04D77BDB24EE}.Debug|Any CPU.ActiveCfg = Debug|Any CPU
		{C968C7C7-1556-426F-A713-04D77BDB24EE}.Debug|Any CPU.Build.0 = Debug|Any CPU
		{C968C7C7-1556-426F-A713-04D77BDB24EE}.Release|Any CPU.ActiveCfg = Release|Any CPU
		{C968C7C7-1556-426F-A713-04D77BDB24EE}.Release|Any CPU.Build.0 = Release|Any CPU
		{1CD80571-D573-4185-9F6D-71B2C1FB6C6D}.Debug|Any CPU.ActiveCfg = Debug|Any CPU
		{1CD80571-D573-4185-9F6D-71B2C1FB6C6D}.Debug|Any CPU.Build.0 = Debug|Any CPU
		{1CD80571-D573-4185-9F6D-71B2C1FB6C6D}.Release|Any CPU.ActiveCfg = Release|Any CPU
		{1CD80571-D573-4185-9F6D-71B2C1FB6C6D}.Release|Any CPU.Build.0 = Release|Any CPU
		{3FA7589B-1ADC-495F-AC35-76A21F0EC5DB}.Debug|Any CPU.ActiveCfg = Debug|Any CPU
		{3FA7589B-1ADC-495F-AC35-76A21F0EC5DB}.Debug|Any CPU.Build.0 = Debug|Any CPU
		{3FA7589B-1ADC-495F-AC35-76A21F0EC5DB}.Release|Any CPU.ActiveCfg = Release|Any CPU
		{3FA7589B-1ADC-495F-AC35-76A21F0EC5DB}.Release|Any CPU.Build.0 = Release|Any CPU
		{5528E3BB-8B31-41A7-A579-968BE95E63EC}.Debug|Any CPU.ActiveCfg = Debug|Any CPU
		{5528E3BB-8B31-41A7-A579-968BE95E63EC}.Debug|Any CPU.Build.0 = Debug|Any CPU
		{5528E3BB-8B31-41A7-A579-968BE95E63EC}.Release|Any CPU.ActiveCfg = Release|Any CPU
		{5528E3BB-8B31-41A7-A579-968BE95E63EC}.Release|Any CPU.Build.0 = Release|Any CPU
	EndGlobalSection
	GlobalSection(SolutionProperties) = preSolution
		HideSolutionNode = FALSE
	EndGlobalSection
	GlobalSection(NestedProjects) = preSolution
		{B396B2DC-86E3-4288-AD69-3D7767C05E36} = {2C482649-5D0D-41B4-9A07-93E57C7C01D5}
		{059FAF95-6599-4331-8D2E-CB7BC82C4AC8} = {71CF53C3-A0C8-4643-8339-8286BFCF1F4C}
		{311515D7-738A-4A8B-8EDF-A20918101FD1} = {2750BC9B-1A89-4F23-83D2-DDA7F3E3CC1B}
		{2E0C825B-6582-4524-A0C8-A65B31826F4C} = {2750BC9B-1A89-4F23-83D2-DDA7F3E3CC1B}
		{8E873551-1912-443F-89CD-05304156DBA1} = {FC14090B-F112-4582-8180-CB58EC9F4561}
		{C9CEBEC9-0F82-49DF-901A-F4997BBC9931} = {FC14090B-F112-4582-8180-CB58EC9F4561}
		{6D0200E9-709E-4E6D-840C-52FD950AA0EF} = {B396B2DC-86E3-4288-AD69-3D7767C05E36}
		{136E6709-6ACB-4D9A-B09C-EBDCEAF6D52A} = {B396B2DC-86E3-4288-AD69-3D7767C05E36}
		{CD00244C-5545-4286-8538-7E64632CDC9B} = {B396B2DC-86E3-4288-AD69-3D7767C05E36}
		{2750BC9B-1A89-4F23-83D2-DDA7F3E3CC1B} = {059FAF95-6599-4331-8D2E-CB7BC82C4AC8}
		{FC14090B-F112-4582-8180-CB58EC9F4561} = {059FAF95-6599-4331-8D2E-CB7BC82C4AC8}
		{26541E1B-B751-407F-A87C-A298FA4F97A6} = {6D0200E9-709E-4E6D-840C-52FD950AA0EF}
		{D0C2F955-6319-4C0E-89C1-F99237344A7A} = {2C482649-5D0D-41B4-9A07-93E57C7C01D5}
		{502E8946-9512-42CD-A404-70B441890EFD} = {D0C2F955-6319-4C0E-89C1-F99237344A7A}
		{977800E4-29B5-4A6E-85A8-F3DED593AEFF} = {D0C2F955-6319-4C0E-89C1-F99237344A7A}
		{E7962031-85A0-481A-BB2A-F47FA2C98369} = {71CF53C3-A0C8-4643-8339-8286BFCF1F4C}
		{9610A72D-5B71-4279-8925-C852EBAA3200} = {E7962031-85A0-481A-BB2A-F47FA2C98369}
		{1157BEE0-2377-4117-AC4C-33E4076A65F0} = {E7962031-85A0-481A-BB2A-F47FA2C98369}
		{EA6E2E2E-AE19-4BEA-82E7-690FC2B74085} = {30576947-AE5F-46DD-9A24-DF5B61467B3D}
		{35EAE196-63B8-41A8-8219-AEDC1E488369} = {EA6E2E2E-AE19-4BEA-82E7-690FC2B74085}
		{E3555634-3C17-43DB-9ECA-427C628EBAE8} = {EA6E2E2E-AE19-4BEA-82E7-690FC2B74085}
		{578D5B76-73C2-472B-B949-38F73B398CA1} = {7A16C827-565D-46AD-92A7-BB25A37189AF}
		{7A16C827-565D-46AD-92A7-BB25A37189AF} = {30576947-AE5F-46DD-9A24-DF5B61467B3D}
		{920B4F4D-DE7B-4459-A9FE-E7694A419D41} = {7A16C827-565D-46AD-92A7-BB25A37189AF}
		{ED203539-0E7D-4FC1-8592-8C413D25A2ED} = {7A16C827-565D-46AD-92A7-BB25A37189AF}
		{EA3CC322-0673-43DD-8297-B58829C98DC2} = {136E6709-6ACB-4D9A-B09C-EBDCEAF6D52A}
		{EF6C547C-636D-479C-B871-8D6CF46D3F2C} = {136E6709-6ACB-4D9A-B09C-EBDCEAF6D52A}
		{067EDA01-194A-4DD9-A61A-A88423A4E0DE} = {CD00244C-5545-4286-8538-7E64632CDC9B}
		{A884F31B-D4E8-432D-81F9-36D278CF89E7} = {CD00244C-5545-4286-8538-7E64632CDC9B}
		{02EA681E-C7D8-13C7-8484-4AC65E1B71E8} = {2C482649-5D0D-41B4-9A07-93E57C7C01D5}
		{557CEE53-41C2-1F80-5137-C1FCE0660E58} = {502E8946-9512-42CD-A404-70B441890EFD}
		{1468324B-FE07-45C7-9FF0-A437C3B3D3EB} = {502E8946-9512-42CD-A404-70B441890EFD}
		{3A4CCD50-9DB7-0CBB-E35A-E707152346FA} = {977800E4-29B5-4A6E-85A8-F3DED593AEFF}
		{DF27CEA0-B558-BF4B-A59B-E81B49BFDEDB} = {02EA681E-C7D8-13C7-8484-4AC65E1B71E8}
		{36F45F02-1917-557F-8D6B-121D37EEC4BA} = {02EA681E-C7D8-13C7-8484-4AC65E1B71E8}
		{014E99D1-BDDB-4D3D-9CD9-6A7C23BAEE06} = {19DCE0F9-4F20-481F-89DE-702355148D28}
		{19DCE0F9-4F20-481F-89DE-702355148D28} = {2C482649-5D0D-41B4-9A07-93E57C7C01D5}
		{1D055D01-8AB2-4561-8680-7B859C3615C9} = {2C482649-5D0D-41B4-9A07-93E57C7C01D5}
		{46BF9C40-C8AA-FB1C-9FD3-2B6FA7FE061E} = {1D055D01-8AB2-4561-8680-7B859C3615C9}
		{DA16FEDE-5154-43A7-AC22-DDBE9D7958FD} = {B8EDCA06-845F-49D8-87EC-479B6C534628}
		{B3936586-957E-4587-A76E-A7CCBD45482A} = {B8EDCA06-845F-49D8-87EC-479B6C534628}
		{8934A00A-5C0A-FEDF-0F44-C4DA90EE2D28} = {4F14F2C9-B618-49F3-83C4-F03C48961468}
		{6835DB22-312E-8D53-5B58-527AE5785FAD} = {4F14F2C9-B618-49F3-83C4-F03C48961468}
		{57B7A3FE-E5BA-4C5A-8AC3-5A319C62D986} = {DC4BB891-DC3D-4CFF-87A8-2F784A777083}
		{F75AEEBA-4B0B-48A1-8375-8286FC5D83D4} = {09A71DD4-1395-440C-A3AD-8C0427E3D552}
		{A6F75EE7-CAA4-4D92-B019-C8AC64BB37E0} = {DC4BB891-DC3D-4CFF-87A8-2F784A777083}
		{B8EDCA06-845F-49D8-87EC-479B6C534628} = {7E9783E0-790D-4955-9AE5-395C564CFD7D}
		{4F14F2C9-B618-49F3-83C4-F03C48961468} = {7E9783E0-790D-4955-9AE5-395C564CFD7D}
		{4A3551B9-8E29-4FC6-9E5E-DCB4981554F2} = {9A464240-01B4-4B50-B56F-4523025820F2}
		{E44EF1F5-E044-D26C-A26B-86AC01E24581} = {D1D4CD80-6338-4843-AE9A-A4F42BA98FFF}
		{6139C31F-B1B7-F0B3-8A13-CFFE0422F8AB} = {D1D4CD80-6338-4843-AE9A-A4F42BA98FFF}
		{9F8C514F-2455-07D2-4261-1F653EB7514E} = {9610A72D-5B71-4279-8925-C852EBAA3200}
		{52252224-A213-C13B-C86D-9684E8D724CB} = {1157BEE0-2377-4117-AC4C-33E4076A65F0}
		{F399D526-0817-4E33-E35C-8102E6DA64B8} = {1157BEE0-2377-4117-AC4C-33E4076A65F0}
		{51E10DCB-651C-826E-1014-91C4AEAC66D2} = {DC4BB891-DC3D-4CFF-87A8-2F784A777083}
		{C968C7C7-1556-426F-A713-04D77BDB24EE} = {DC4BB891-DC3D-4CFF-87A8-2F784A777083}
		{1CD80571-D573-4185-9F6D-71B2C1FB6C6D} = {DC4BB891-DC3D-4CFF-87A8-2F784A777083}
		{3FA7589B-1ADC-495F-AC35-76A21F0EC5DB} = {2D732B7B-F60E-4AC9-9E82-84B9F6C3262F}
		{2D732B7B-F60E-4AC9-9E82-84B9F6C3262F} = {71CF53C3-A0C8-4643-8339-8286BFCF1F4C}
		{5528E3BB-8B31-41A7-A579-968BE95E63EC} = {2D732B7B-F60E-4AC9-9E82-84B9F6C3262F}
	EndGlobalSection
	GlobalSection(ExtensibilityGlobals) = postSolution
		SolutionGuid = {53ECCFEC-A574-48C6-8787-56F483DC5AD0}
	EndGlobalSection
EndGlobal
